
Microsoft Visual Studio Solution File, Format Version 12.00
# Visual Studio Version 17
VisualStudioVersion = 17.1.32210.238
MinimumVisualStudioVersion = 10.0.40219.1
Project("{9A19103F-16F7-4668-BE54-9A1E7A4F7556}") = "Server", "Server\Server.csproj", "{B0D088DD-D630-4746-8EF2-B32DE481F4DA}"
EndProject
Global
	GlobalSection(SolutionConfigurationPlatforms) = preSolution
		Debug|Any CPU = Debug|Any CPU
		Release|Any CPU = Release|Any CPU
	EndGlobalSection
	GlobalSection(ProjectConfigurationPlatforms) = postSolution
		{B0D088DD-D630-4746-8EF2-B32DE481F4DA}.Debug|Any CPU.ActiveCfg = Debug|Any CPU
		{B0D088DD-D630-4746-8EF2-B32DE481F4DA}.Debug|Any CPU.Build.0 = Debug|Any CPU
		{B0D088DD-D630-4746-8EF2-B32DE481F4DA}.Release|Any CPU.ActiveCfg = Release|Any CPU
		{B0D088DD-D630-4746-8EF2-B32DE481F4DA}.Release|Any CPU.Build.0 = Release|Any CPU
	EndGlobalSection
	GlobalSection(SolutionProperties) = preSolution
		HideSolutionNode = FALSE
	EndGlobalSection
	GlobalSection(ExtensibilityGlobals) = postSolution
		SolutionGuid = {BB4E21BE-7CEA-4DFE-8FF7-EAC88268F96C}
	EndGlobalSection
EndGlobal
